
Microsoft Visual Studio Solution File, Format Version 12.00
# Visual Studio Version 17
VisualStudioVersion = 17.2.32519.379
MinimumVisualStudioVersion = 10.0.40219.1
Project("{9A19103F-16F7-4668-BE54-9A1E7A4F7556}") = "WebApiTemplate.Domain", "WebApiTemplate.Domain\WebApiTemplate.Domain.csproj", "{1BD7B0D8-8139-4EC2-8BE1-A968D65FB717}"
EndProject
Project("{9A19103F-16F7-4668-BE54-9A1E7A4F7556}") = "WebApiTemplate.Shared", "WebApiTemplate.Shared\WebApiTemplate.Shared.csproj", "{0D3ED1F3-E79E-4A4C-8F50-09108342871D}"
EndProject
Project("{9A19103F-16F7-4668-BE54-9A1E7A4F7556}") = "WebApiTemplate.Tests", "WebApiTemplate.Tests\WebApiTemplate.Tests.csproj", "{68A20079-18FF-4999-A889-E1EDF03BBB73}"
EndProject
Project("{9A19103F-16F7-4668-BE54-9A1E7A4F7556}") = "WebApiTemplate.Api", "WebApiTemplate.Api\WebApiTemplate.Api.csproj", "{2E475675-ECE1-468E-AE5B-70ACB336206A}"
EndProject
Project("{2150E333-8FDC-42A3-9474-1A3956D46DE8}") = "SolutionItems", "SolutionItems", "{7E6EF456-B18D-4705-8D74-6F202185B760}"
	ProjectSection(SolutionItems) = preProject
		.gitignore = .gitignore
		ReadMe.md = ReadMe.md
	EndProjectSection
EndProject
Global
	GlobalSection(SolutionConfigurationPlatforms) = preSolution
		Debug|Any CPU = Debug|Any CPU
		Release|Any CPU = Release|Any CPU
	EndGlobalSection
	GlobalSection(ProjectConfigurationPlatforms) = postSolution
		{1BD7B0D8-8139-4EC2-8BE1-A968D65FB717}.Debug|Any CPU.ActiveCfg = Debug|Any CPU
		{1BD7B0D8-8139-4EC2-8BE1-A968D65FB717}.Debug|Any CPU.Build.0 = Debug|Any CPU
		{1BD7B0D8-8139-4EC2-8BE1-A968D65FB717}.Release|Any CPU.ActiveCfg = Release|Any CPU
		{1BD7B0D8-8139-4EC2-8BE1-A968D65FB717}.Release|Any CPU.Build.0 = Release|Any CPU
		{0D3ED1F3-E79E-4A4C-8F50-09108342871D}.Debug|Any CPU.ActiveCfg = Debug|Any CPU
		{0D3ED1F3-E79E-4A4C-8F50-09108342871D}.Debug|Any CPU.Build.0 = Debug|Any CPU
		{0D3ED1F3-E79E-4A4C-8F50-09108342871D}.Release|Any CPU.ActiveCfg = Release|Any CPU
		{0D3ED1F3-E79E-4A4C-8F50-09108342871D}.Release|Any CPU.Build.0 = Release|Any CPU
		{68A20079-18FF-4999-A889-E1EDF03BBB73}.Debug|Any CPU.ActiveCfg = Debug|Any CPU
		{68A20079-18FF-4999-A889-E1EDF03BBB73}.Debug|Any CPU.Build.0 = Debug|Any CPU
		{68A20079-18FF-4999-A889-E1EDF03BBB73}.Release|Any CPU.ActiveCfg = Release|Any CPU
		{68A20079-18FF-4999-A889-E1EDF03BBB73}.Release|Any CPU.Build.0 = Release|Any CPU
		{2E475675-ECE1-468E-AE5B-70ACB336206A}.Debug|Any CPU.ActiveCfg = Debug|Any CPU
		{2E475675-ECE1-468E-AE5B-70ACB336206A}.Debug|Any CPU.Build.0 = Debug|Any CPU
		{2E475675-ECE1-468E-AE5B-70ACB336206A}.Release|Any CPU.ActiveCfg = Release|Any CPU
		{2E475675-ECE1-468E-AE5B-70ACB336206A}.Release|Any CPU.Build.0 = Release|Any CPU
	EndGlobalSection
	GlobalSection(SolutionProperties) = preSolution
		HideSolutionNode = FALSE
	EndGlobalSection
	GlobalSection(ExtensibilityGlobals) = postSolution
		SolutionGuid = {CE1BE9D0-298B-451B-B2EA-91C90095374C}
	EndGlobalSection
EndGlobal
